// !$*UTF8*$!
{
	archiveVersion = 1;
	classes = {
	};
	objectVersion = 77;
	objects = {

/* Begin PBXBuildFile section */
		861BE0522D63965500020620 /* AdCategory.swift in Sources */ = {isa = PBXBuildFile; fileRef = 861BE0362D63965500020620 /* AdCategory.swift */; };
		861BE0532D63965500020620 /* AdDataType.swift in Sources */ = {isa = PBXBuildFile; fileRef = 861BE0372D63965500020620 /* AdDataType.swift */; };
		861BE0542D63965500020620 /* AdItem.swift in Sources */ = {isa = PBXBuildFile; fileRef = 861BE0382D63965500020620 /* AdItem.swift */; };
		861BE0552D63965500020620 /* AdList.swift in Sources */ = {isa = PBXBuildFile; fileRef = 861BE0392D63965500020620 /* AdList.swift */; };
		861BE0562D63965500020620 /* ImagesUrl.swift in Sources */ = {isa = PBXBuildFile; fileRef = 861BE03A2D63965500020620 /* ImagesUrl.swift */; };
		861BE0572D63965500020620 /* NetworkError.swift in Sources */ = {isa = PBXBuildFile; fileRef = 861BE03B2D63965500020620 /* NetworkError.swift */; };
		861BE0582D63965500020620 /* Strings.swift in Sources */ = {isa = PBXBuildFile; fileRef = 861BE0402D63965500020620 /* Strings.swift */; };
		861BE05C2D63965500020620 /* DetailsView.swift in Sources */ = {isa = PBXBuildFile; fileRef = 861BE0462D63965500020620 /* DetailsView.swift */; };
		861BE05D2D63965500020620 /* GridView.swift in Sources */ = {isa = PBXBuildFile; fileRef = 861BE0472D63965500020620 /* GridView.swift */; };
		861BE05E2D63965500020620 /* HomeView.swift in Sources */ = {isa = PBXBuildFile; fileRef = 861BE0482D63965500020620 /* HomeView.swift */; };
		861BE05F2D63965500020620 /* HomeViewModel.swift in Sources */ = {isa = PBXBuildFile; fileRef = 861BE0492D63965500020620 /* HomeViewModel.swift */; };
		861BE0602D63965500020620 /* InfoBarView.swift in Sources */ = {isa = PBXBuildFile; fileRef = 861BE04A2D63965500020620 /* InfoBarView.swift */; };
		861BE0612D63965500020620 /* LoadingView.swift in Sources */ = {isa = PBXBuildFile; fileRef = 861BE04B2D63965500020620 /* LoadingView.swift */; };
		861BE0622D63965500020620 /* PosterImageView.swift in Sources */ = {isa = PBXBuildFile; fileRef = 861BE04C2D63965500020620 /* PosterImageView.swift */; };
		861BE0632D63965500020620 /* UrgentItemView.swift in Sources */ = {isa = PBXBuildFile; fileRef = 861BE04D2D63965500020620 /* UrgentItemView.swift */; };
		861BE0652D63965500020620 /* PaperClipApp.swift in Sources */ = {isa = PBXBuildFile; fileRef = 861BE0502D63965500020620 /* PaperClipApp.swift */; };
		861BE0662D63965500020620 /* Preview Assets.xcassets in Resources */ = {isa = PBXBuildFile; fileRef = 861BE03D2D63965500020620 /* Preview Assets.xcassets */; };
		861BE0672D63965500020620 /* Assets.xcassets in Resources */ = {isa = PBXBuildFile; fileRef = 861BE03F2D63965500020620 /* Assets.xcassets */; };
		861BE06B2D63965F00020620 /* PaperClipUITests.swift in Sources */ = {isa = PBXBuildFile; fileRef = 861BE0682D63965F00020620 /* PaperClipUITests.swift */; };
		861BE06C2D63965F00020620 /* PaperClipUITestsLaunchTests.swift in Sources */ = {isa = PBXBuildFile; fileRef = 861BE0692D63965F00020620 /* PaperClipUITestsLaunchTests.swift */; };
		861BE0712D63F39500020620 /* DataServiceTests.swift in Sources */ = {isa = PBXBuildFile; fileRef = 861BE0702D63F39500020620 /* DataServiceTests.swift */; };
		861BE0732D63F3BF00020620 /* HomeViewModelTests.swift in Sources */ = {isa = PBXBuildFile; fileRef = 861BE0722D63F3BF00020620 /* HomeViewModelTests.swift */; };
		861BE0752D63F3D700020620 /* PaperClipTests.swift in Sources */ = {isa = PBXBuildFile; fileRef = 861BE0742D63F3D700020620 /* PaperClipTests.swift */; };
		861BE1B32D64046100020620 /* RemoteDataService.swift in Sources */ = {isa = PBXBuildFile; fileRef = 861BE1B12D64046100020620 /* RemoteDataService.swift */; };
		861BE1B42D64046100020620 /* DataService.swift in Sources */ = {isa = PBXBuildFile; fileRef = 861BE1AF2D64046100020620 /* DataService.swift */; };
		861BE1B52D64046100020620 /* Logger.swift in Sources */ = {isa = PBXBuildFile; fileRef = 861BE1B02D64046100020620 /* Logger.swift */; };
		861BE1B82D64145B00020620 /* DetailsViewModel.swift in Sources */ = {isa = PBXBuildFile; fileRef = 861BE1B72D64145B00020620 /* DetailsViewModel.swift */; };
		861BE1BB2D64187500020620 /* DetailsViewModelTests.swift in Sources */ = {isa = PBXBuildFile; fileRef = 861BE1BA2D64187500020620 /* DetailsViewModelTests.swift */; };
		861BE1C42D64CDED00020620 /* ListViewController.swift in Sources */ = {isa = PBXBuildFile; fileRef = 861BE1C22D64CDED00020620 /* ListViewController.swift */; };
		861BE1C72D64CE7000020620 /* ListViewModel.swift in Sources */ = {isa = PBXBuildFile; fileRef = 861BE1C62D64CE7000020620 /* ListViewModel.swift */; };
		861BE1CA2D64D07200020620 /* ListContainerView.swift in Sources */ = {isa = PBXBuildFile; fileRef = 861BE1C92D64D07200020620 /* ListContainerView.swift */; };
		861BE1CD2D64D49800020620 /* ListViewCell.swift in Sources */ = {isa = PBXBuildFile; fileRef = 861BE1CC2D64D49800020620 /* ListViewCell.swift */; };
		861BE1D82D64F49500020620 /* ImageCache.swift in Sources */ = {isa = PBXBuildFile; fileRef = 861BE1D72D64F49500020620 /* ImageCache.swift */; };
		861BE1D92D64F83700020620 /* UIImageView+Extensions.swift in Sources */ = {isa = PBXBuildFile; fileRef = 861BE1D32D64F31600020620 /* UIImageView+Extensions.swift */; };
		861BE1DC2D65074500020620 /* AppCoordinatorProtocol.swift in Sources */ = {isa = PBXBuildFile; fileRef = 861BE1DB2D65074200020620 /* AppCoordinatorProtocol.swift */; };
		861BE1DE2D6507FB00020620 /* AppCoordinator.swift in Sources */ = {isa = PBXBuildFile; fileRef = 861BE1DD2D6507F500020620 /* AppCoordinator.swift */; };
		861BE1E72D65579C00020620 /* RemoteDataServiceTests.swift in Sources */ = {isa = PBXBuildFile; fileRef = 861BE1E62D65579000020620 /* RemoteDataServiceTests.swift */; };
/* End PBXBuildFile section */

/* Begin PBXContainerItemProxy section */
		861BDFB52D624FBC00020620 /* PBXContainerItemProxy */ = {
			isa = PBXContainerItemProxy;
			containerPortal = 861BDF9C2D624FBA00020620 /* Project object */;
			proxyType = 1;
			remoteGlobalIDString = 861BDFA32D624FBA00020620;
			remoteInfo = PaperClip;
		};
		861BDFBF2D624FBC00020620 /* PBXContainerItemProxy */ = {
			isa = PBXContainerItemProxy;
			containerPortal = 861BDF9C2D624FBA00020620 /* Project object */;
			proxyType = 1;
			remoteGlobalIDString = 861BDFA32D624FBA00020620;
			remoteInfo = PaperClip;
		};
/* End PBXContainerItemProxy section */

/* Begin PBXFileReference section */
		861BDFA42D624FBA00020620 /* PaperClip.app */ = {isa = PBXFileReference; explicitFileType = wrapper.application; includeInIndex = 0; path = PaperClip.app; sourceTree = BUILT_PRODUCTS_DIR; };
		861BDFB42D624FBC00020620 /* PaperClipTests.xctest */ = {isa = PBXFileReference; explicitFileType = wrapper.cfbundle; includeInIndex = 0; path = PaperClipTests.xctest; sourceTree = BUILT_PRODUCTS_DIR; };
		861BDFBE2D624FBC00020620 /* PaperClipUITests.xctest */ = {isa = PBXFileReference; explicitFileType = wrapper.cfbundle; includeInIndex = 0; path = PaperClipUITests.xctest; sourceTree = BUILT_PRODUCTS_DIR; };
		861BE0362D63965500020620 /* AdCategory.swift */ = {isa = PBXFileReference; lastKnownFileType = sourcecode.swift; path = AdCategory.swift; sourceTree = "<group>"; };
		861BE0372D63965500020620 /* AdDataType.swift */ = {isa = PBXFileReference; lastKnownFileType = sourcecode.swift; path = AdDataType.swift; sourceTree = "<group>"; };
		861BE0382D63965500020620 /* AdItem.swift */ = {isa = PBXFileReference; lastKnownFileType = sourcecode.swift; path = AdItem.swift; sourceTree = "<group>"; };
		861BE0392D63965500020620 /* AdList.swift */ = {isa = PBXFileReference; lastKnownFileType = sourcecode.swift; path = AdList.swift; sourceTree = "<group>"; };
		861BE03A2D63965500020620 /* ImagesUrl.swift */ = {isa = PBXFileReference; lastKnownFileType = sourcecode.swift; path = ImagesUrl.swift; sourceTree = "<group>"; };
		861BE03B2D63965500020620 /* NetworkError.swift */ = {isa = PBXFileReference; lastKnownFileType = sourcecode.swift; path = NetworkError.swift; sourceTree = "<group>"; };
		861BE03D2D63965500020620 /* Preview Assets.xcassets */ = {isa = PBXFileReference; lastKnownFileType = folder.assetcatalog; path = "Preview Assets.xcassets"; sourceTree = "<group>"; };
		861BE03F2D63965500020620 /* Assets.xcassets */ = {isa = PBXFileReference; lastKnownFileType = folder.assetcatalog; path = Assets.xcassets; sourceTree = "<group>"; };
		861BE0402D63965500020620 /* Strings.swift */ = {isa = PBXFileReference; lastKnownFileType = sourcecode.swift; path = Strings.swift; sourceTree = "<group>"; };
		861BE0462D63965500020620 /* DetailsView.swift */ = {isa = PBXFileReference; lastKnownFileType = sourcecode.swift; path = DetailsView.swift; sourceTree = "<group>"; };
		861BE0472D63965500020620 /* GridView.swift */ = {isa = PBXFileReference; lastKnownFileType = sourcecode.swift; path = GridView.swift; sourceTree = "<group>"; };
		861BE0482D63965500020620 /* HomeView.swift */ = {isa = PBXFileReference; lastKnownFileType = sourcecode.swift; path = HomeView.swift; sourceTree = "<group>"; };
		861BE0492D63965500020620 /* HomeViewModel.swift */ = {isa = PBXFileReference; lastKnownFileType = sourcecode.swift; path = HomeViewModel.swift; sourceTree = "<group>"; };
		861BE04A2D63965500020620 /* InfoBarView.swift */ = {isa = PBXFileReference; lastKnownFileType = sourcecode.swift; path = InfoBarView.swift; sourceTree = "<group>"; };
		861BE04B2D63965500020620 /* LoadingView.swift */ = {isa = PBXFileReference; lastKnownFileType = sourcecode.swift; path = LoadingView.swift; sourceTree = "<group>"; };
		861BE04C2D63965500020620 /* PosterImageView.swift */ = {isa = PBXFileReference; lastKnownFileType = sourcecode.swift; path = PosterImageView.swift; sourceTree = "<group>"; };
		861BE04D2D63965500020620 /* UrgentItemView.swift */ = {isa = PBXFileReference; lastKnownFileType = sourcecode.swift; path = UrgentItemView.swift; sourceTree = "<group>"; };
		861BE0502D63965500020620 /* PaperClipApp.swift */ = {isa = PBXFileReference; lastKnownFileType = sourcecode.swift; path = PaperClipApp.swift; sourceTree = "<group>"; };
		861BE0682D63965F00020620 /* PaperClipUITests.swift */ = {isa = PBXFileReference; lastKnownFileType = sourcecode.swift; path = PaperClipUITests.swift; sourceTree = "<group>"; };
		861BE0692D63965F00020620 /* PaperClipUITestsLaunchTests.swift */ = {isa = PBXFileReference; lastKnownFileType = sourcecode.swift; path = PaperClipUITestsLaunchTests.swift; sourceTree = "<group>"; };
		861BE0702D63F39500020620 /* DataServiceTests.swift */ = {isa = PBXFileReference; lastKnownFileType = sourcecode.swift; path = DataServiceTests.swift; sourceTree = "<group>"; };
		861BE0722D63F3BF00020620 /* HomeViewModelTests.swift */ = {isa = PBXFileReference; lastKnownFileType = sourcecode.swift; path = HomeViewModelTests.swift; sourceTree = "<group>"; };
		861BE0742D63F3D700020620 /* PaperClipTests.swift */ = {isa = PBXFileReference; lastKnownFileType = sourcecode.swift; path = PaperClipTests.swift; sourceTree = "<group>"; };
		861BE1AF2D64046100020620 /* DataService.swift */ = {isa = PBXFileReference; lastKnownFileType = sourcecode.swift; path = DataService.swift; sourceTree = "<group>"; };
		861BE1B02D64046100020620 /* Logger.swift */ = {isa = PBXFileReference; lastKnownFileType = sourcecode.swift; path = Logger.swift; sourceTree = "<group>"; };
		861BE1B12D64046100020620 /* RemoteDataService.swift */ = {isa = PBXFileReference; lastKnownFileType = sourcecode.swift; path = RemoteDataService.swift; sourceTree = "<group>"; };
		861BE1B72D64145B00020620 /* DetailsViewModel.swift */ = {isa = PBXFileReference; lastKnownFileType = sourcecode.swift; path = DetailsViewModel.swift; sourceTree = "<group>"; };
		861BE1BA2D64187500020620 /* DetailsViewModelTests.swift */ = {isa = PBXFileReference; lastKnownFileType = sourcecode.swift; path = DetailsViewModelTests.swift; sourceTree = "<group>"; };
		861BE1C22D64CDED00020620 /* ListViewController.swift */ = {isa = PBXFileReference; lastKnownFileType = sourcecode.swift; path = ListViewController.swift; sourceTree = "<group>"; };
		861BE1C62D64CE7000020620 /* ListViewModel.swift */ = {isa = PBXFileReference; lastKnownFileType = sourcecode.swift; path = ListViewModel.swift; sourceTree = "<group>"; };
		861BE1C92D64D07200020620 /* ListContainerView.swift */ = {isa = PBXFileReference; lastKnownFileType = sourcecode.swift; path = ListContainerView.swift; sourceTree = "<group>"; };
		861BE1CC2D64D49800020620 /* ListViewCell.swift */ = {isa = PBXFileReference; lastKnownFileType = sourcecode.swift; path = ListViewCell.swift; sourceTree = "<group>"; };
		861BE1D32D64F31600020620 /* UIImageView+Extensions.swift */ = {isa = PBXFileReference; lastKnownFileType = sourcecode.swift; path = "UIImageView+Extensions.swift"; sourceTree = "<group>"; };
		861BE1D72D64F49500020620 /* ImageCache.swift */ = {isa = PBXFileReference; lastKnownFileType = sourcecode.swift; path = ImageCache.swift; sourceTree = "<group>"; };
		861BE1DB2D65074200020620 /* AppCoordinatorProtocol.swift */ = {isa = PBXFileReference; lastKnownFileType = sourcecode.swift; path = AppCoordinatorProtocol.swift; sourceTree = "<group>"; };
		861BE1DD2D6507F500020620 /* AppCoordinator.swift */ = {isa = PBXFileReference; lastKnownFileType = sourcecode.swift; path = AppCoordinator.swift; sourceTree = "<group>"; };
		861BE1E62D65579000020620 /* RemoteDataServiceTests.swift */ = {isa = PBXFileReference; lastKnownFileType = sourcecode.swift; path = RemoteDataServiceTests.swift; sourceTree = "<group>"; };
/* End PBXFileReference section */

/* Begin PBXFrameworksBuildPhase section */
		861BDFA12D624FBA00020620 /* Frameworks */ = {
			isa = PBXFrameworksBuildPhase;
			buildActionMask = 2147483647;
			files = (
			);
			runOnlyForDeploymentPostprocessing = 0;
		};
		861BDFB12D624FBC00020620 /* Frameworks */ = {
			isa = PBXFrameworksBuildPhase;
			buildActionMask = 2147483647;
			files = (
			);
			runOnlyForDeploymentPostprocessing = 0;
		};
		861BDFBB2D624FBC00020620 /* Frameworks */ = {
			isa = PBXFrameworksBuildPhase;
			buildActionMask = 2147483647;
			files = (
			);
			runOnlyForDeploymentPostprocessing = 0;
		};
/* End PBXFrameworksBuildPhase section */

/* Begin PBXGroup section */
		861BDF9B2D624FBA00020620 = {
			isa = PBXGroup;
			children = (
				861BE0512D63965500020620 /* PaperClip */,
				861BDFA52D624FBA00020620 /* Products */,
				861BE0232D63962700020620 /* PaperClipTests */,
				861BE06A2D63965F00020620 /* PaperClipUITests */,
			);
			sourceTree = "<group>";
		};
		861BDFA52D624FBA00020620 /* Products */ = {
			isa = PBXGroup;
			children = (
				861BDFA42D624FBA00020620 /* PaperClip.app */,
				861BDFB42D624FBC00020620 /* PaperClipTests.xctest */,
				861BDFBE2D624FBC00020620 /* PaperClipUITests.xctest */,
			);
			name = Products;
			sourceTree = "<group>";
		};
		861BE0232D63962700020620 /* PaperClipTests */ = {
			isa = PBXGroup;
			children = (
				861BE0722D63F3BF00020620 /* HomeViewModelTests.swift */,
				861BE1BA2D64187500020620 /* DetailsViewModelTests.swift */,
				861BE0702D63F39500020620 /* DataServiceTests.swift */,
				861BE1E62D65579000020620 /* RemoteDataServiceTests.swift */,
				861BE0742D63F3D700020620 /* PaperClipTests.swift */,
			);
			path = PaperClipTests;
			sourceTree = "<group>";
		};
		861BE03C2D63965500020620 /* Models */ = {
			isa = PBXGroup;
			children = (
				861BE0362D63965500020620 /* AdCategory.swift */,
				861BE0372D63965500020620 /* AdDataType.swift */,
				861BE0382D63965500020620 /* AdItem.swift */,
				861BE0392D63965500020620 /* AdList.swift */,
				861BE03A2D63965500020620 /* ImagesUrl.swift */,
				861BE03B2D63965500020620 /* NetworkError.swift */,
			);
			path = Models;
			sourceTree = "<group>";
		};
		861BE03E2D63965500020620 /* Preview Content */ = {
			isa = PBXGroup;
			children = (
				861BE03D2D63965500020620 /* Preview Assets.xcassets */,
			);
			path = "Preview Content";
			sourceTree = "<group>";
		};
		861BE0412D63965500020620 /* Resources */ = {
			isa = PBXGroup;
			children = (
				861BE03F2D63965500020620 /* Assets.xcassets */,
				861BE0402D63965500020620 /* Strings.swift */,
			);
			path = Resources;
			sourceTree = "<group>";
		};
		861BE04F2D63965500020620 /* Views */ = {
			isa = PBXGroup;
			children = (
				861BE06F2D639BCC00020620 /* SubViews */,
				861BE06D2D639B5E00020620 /* Screens */,
			);
			path = Views;
			sourceTree = "<group>";
		};
		861BE0512D63965500020620 /* PaperClip */ = {
			isa = PBXGroup;
			children = (
				861BE0502D63965500020620 /* PaperClipApp.swift */,
				861BE1DA2D65073300020620 /* Coordinators */,
				861BE1D12D64F2E000020620 /* Extensions */,
				861BE1B22D64046100020620 /* Services */,
				861BE03E2D63965500020620 /* Preview Content */,
				861BE0412D63965500020620 /* Resources */,
				861BE03C2D63965500020620 /* Models */,
				861BE04F2D63965500020620 /* Views */,
			);
			path = PaperClip;
			sourceTree = "<group>";
		};
		861BE06A2D63965F00020620 /* PaperClipUITests */ = {
			isa = PBXGroup;
			children = (
				861BE0682D63965F00020620 /* PaperClipUITests.swift */,
				861BE0692D63965F00020620 /* PaperClipUITestsLaunchTests.swift */,
			);
			path = PaperClipUITests;
			sourceTree = "<group>";
		};
		861BE06D2D639B5E00020620 /* Screens */ = {
			isa = PBXGroup;
			children = (
				861BE1C32D64CDED00020620 /* UIkit */,
				861BE0462D63965500020620 /* DetailsView.swift */,
				861BE1B72D64145B00020620 /* DetailsViewModel.swift */,
				861BE0482D63965500020620 /* HomeView.swift */,
				861BE0492D63965500020620 /* HomeViewModel.swift */,
			);
			path = Screens;
			sourceTree = "<group>";
		};
		861BE06F2D639BCC00020620 /* SubViews */ = {
			isa = PBXGroup;
			children = (
				861BE04A2D63965500020620 /* InfoBarView.swift */,
				861BE04B2D63965500020620 /* LoadingView.swift */,
				861BE04C2D63965500020620 /* PosterImageView.swift */,
				861BE04D2D63965500020620 /* UrgentItemView.swift */,
				861BE0472D63965500020620 /* GridView.swift */,
				861BE1C92D64D07200020620 /* ListContainerView.swift */,
			);
			path = SubViews;
			sourceTree = "<group>";
		};
		861BE1B22D64046100020620 /* Services */ = {
			isa = PBXGroup;
			children = (
				861BE1AF2D64046100020620 /* DataService.swift */,
				861BE1B12D64046100020620 /* RemoteDataService.swift */,
				861BE1D72D64F49500020620 /* ImageCache.swift */,
				861BE1B02D64046100020620 /* Logger.swift */,
			);
			path = Services;
			sourceTree = "<group>";
		};
		861BE1C32D64CDED00020620 /* UIkit */ = {
			isa = PBXGroup;
			children = (
				861BE1CC2D64D49800020620 /* ListViewCell.swift */,
				861BE1C62D64CE7000020620 /* ListViewModel.swift */,
				861BE1C22D64CDED00020620 /* ListViewController.swift */,
			);
			path = UIkit;
			sourceTree = "<group>";
		};
		861BE1D12D64F2E000020620 /* Extensions */ = {
			isa = PBXGroup;
			children = (
				861BE1D32D64F31600020620 /* UIImageView+Extensions.swift */,
			);
			path = Extensions;
			sourceTree = "<group>";
		};
		861BE1DA2D65073300020620 /* Coordinators */ = {
			isa = PBXGroup;
			children = (
				861BE1DD2D6507F500020620 /* AppCoordinator.swift */,
				861BE1DB2D65074200020620 /* AppCoordinatorProtocol.swift */,
			);
			path = Coordinators;
			sourceTree = "<group>";
		};
/* End PBXGroup section */

/* Begin PBXNativeTarget section */
		861BDFA32D624FBA00020620 /* PaperClip */ = {
			isa = PBXNativeTarget;
			buildConfigurationList = 861BDFC82D624FBD00020620 /* Build configuration list for PBXNativeTarget "PaperClip" */;
			buildPhases = (
				861BDFA02D624FBA00020620 /* Sources */,
				861BDFA12D624FBA00020620 /* Frameworks */,
				861BDFA22D624FBA00020620 /* Resources */,
			);
			buildRules = (
			);
			dependencies = (
			);
			name = PaperClip;
			packageProductDependencies = (
			);
			productName = PaperClip;
			productReference = 861BDFA42D624FBA00020620 /* PaperClip.app */;
			productType = "com.apple.product-type.application";
		};
		861BDFB32D624FBC00020620 /* PaperClipTests */ = {
			isa = PBXNativeTarget;
			buildConfigurationList = 861BDFCB2D624FBD00020620 /* Build configuration list for PBXNativeTarget "PaperClipTests" */;
			buildPhases = (
				861BDFB02D624FBC00020620 /* Sources */,
				861BDFB12D624FBC00020620 /* Frameworks */,
				861BDFB22D624FBC00020620 /* Resources */,
			);
			buildRules = (
			);
			dependencies = (
				861BDFB62D624FBC00020620 /* PBXTargetDependency */,
			);
			name = PaperClipTests;
			packageProductDependencies = (
			);
			productName = PaperClipTests;
			productReference = 861BDFB42D624FBC00020620 /* PaperClipTests.xctest */;
			productType = "com.apple.product-type.bundle.unit-test";
		};
		861BDFBD2D624FBC00020620 /* PaperClipUITests */ = {
			isa = PBXNativeTarget;
			buildConfigurationList = 861BDFCE2D624FBD00020620 /* Build configuration list for PBXNativeTarget "PaperClipUITests" */;
			buildPhases = (
				861BDFBA2D624FBC00020620 /* Sources */,
				861BDFBB2D624FBC00020620 /* Frameworks */,
				861BDFBC2D624FBC00020620 /* Resources */,
			);
			buildRules = (
			);
			dependencies = (
				861BDFC02D624FBC00020620 /* PBXTargetDependency */,
			);
			name = PaperClipUITests;
			packageProductDependencies = (
			);
			productName = PaperClipUITests;
			productReference = 861BDFBE2D624FBC00020620 /* PaperClipUITests.xctest */;
			productType = "com.apple.product-type.bundle.ui-testing";
		};
/* End PBXNativeTarget section */

/* Begin PBXProject section */
		861BDF9C2D624FBA00020620 /* Project object */ = {
			isa = PBXProject;
			attributes = {
				BuildIndependentTargetsInParallel = 1;
				LastSwiftUpdateCheck = 1620;
				LastUpgradeCheck = 1620;
				TargetAttributes = {
					861BDFA32D624FBA00020620 = {
						CreatedOnToolsVersion = 16.2;
					};
					861BDFB32D624FBC00020620 = {
						CreatedOnToolsVersion = 16.2;
						LastSwiftMigration = 1620;
						TestTargetID = 861BDFA32D624FBA00020620;
					};
					861BDFBD2D624FBC00020620 = {
						CreatedOnToolsVersion = 16.2;
						TestTargetID = 861BDFA32D624FBA00020620;
					};
				};
			};
			buildConfigurationList = 861BDF9F2D624FBA00020620 /* Build configuration list for PBXProject "PaperClip" */;
			developmentRegion = en;
			hasScannedForEncodings = 0;
			knownRegions = (
				en,
				Base,
			);
			mainGroup = 861BDF9B2D624FBA00020620;
			minimizedProjectReferenceProxies = 1;
			preferredProjectObjectVersion = 77;
			productRefGroup = 861BDFA52D624FBA00020620 /* Products */;
			projectDirPath = "";
			projectRoot = "";
			targets = (
				861BDFA32D624FBA00020620 /* PaperClip */,
				861BDFB32D624FBC00020620 /* PaperClipTests */,
				861BDFBD2D624FBC00020620 /* PaperClipUITests */,
			);
		};
/* End PBXProject section */

/* Begin PBXResourcesBuildPhase section */
		861BDFA22D624FBA00020620 /* Resources */ = {
			isa = PBXResourcesBuildPhase;
			buildActionMask = 2147483647;
			files = (
				861BE0662D63965500020620 /* Preview Assets.xcassets in Resources */,
				861BE0672D63965500020620 /* Assets.xcassets in Resources */,
			);
			runOnlyForDeploymentPostprocessing = 0;
		};
		861BDFB22D624FBC00020620 /* Resources */ = {
			isa = PBXResourcesBuildPhase;
			buildActionMask = 2147483647;
			files = (
			);
			runOnlyForDeploymentPostprocessing = 0;
		};
		861BDFBC2D624FBC00020620 /* Resources */ = {
			isa = PBXResourcesBuildPhase;
			buildActionMask = 2147483647;
			files = (
			);
			runOnlyForDeploymentPostprocessing = 0;
		};
/* End PBXResourcesBuildPhase section */

/* Begin PBXSourcesBuildPhase section */
		861BDFA02D624FBA00020620 /* Sources */ = {
			isa = PBXSourcesBuildPhase;
			buildActionMask = 2147483647;
			files = (
				861BE1D92D64F83700020620 /* UIImageView+Extensions.swift in Sources */,
				861BE0522D63965500020620 /* AdCategory.swift in Sources */,
				861BE0532D63965500020620 /* AdDataType.swift in Sources */,
				861BE1DC2D65074500020620 /* AppCoordinatorProtocol.swift in Sources */,
				861BE0542D63965500020620 /* AdItem.swift in Sources */,
				861BE1B32D64046100020620 /* RemoteDataService.swift in Sources */,
				861BE1CD2D64D49800020620 /* ListViewCell.swift in Sources */,
				861BE1B42D64046100020620 /* DataService.swift in Sources */,
				861BE1B52D64046100020620 /* Logger.swift in Sources */,
				861BE0552D63965500020620 /* AdList.swift in Sources */,
				861BE1CA2D64D07200020620 /* ListContainerView.swift in Sources */,
				861BE1B82D64145B00020620 /* DetailsViewModel.swift in Sources */,
				861BE0562D63965500020620 /* ImagesUrl.swift in Sources */,
				861BE0572D63965500020620 /* NetworkError.swift in Sources */,
				861BE0582D63965500020620 /* Strings.swift in Sources */,
				861BE1D82D64F49500020620 /* ImageCache.swift in Sources */,
				861BE05C2D63965500020620 /* DetailsView.swift in Sources */,
				861BE05D2D63965500020620 /* GridView.swift in Sources */,
				861BE05E2D63965500020620 /* HomeView.swift in Sources */,
				861BE05F2D63965500020620 /* HomeViewModel.swift in Sources */,
				861BE1DE2D6507FB00020620 /* AppCoordinator.swift in Sources */,
				861BE0602D63965500020620 /* InfoBarView.swift in Sources */,
				861BE1C42D64CDED00020620 /* ListViewController.swift in Sources */,
				861BE0612D63965500020620 /* LoadingView.swift in Sources */,
				861BE0622D63965500020620 /* PosterImageView.swift in Sources */,
				861BE1C72D64CE7000020620 /* ListViewModel.swift in Sources */,
				861BE0632D63965500020620 /* UrgentItemView.swift in Sources */,
				861BE0652D63965500020620 /* PaperClipApp.swift in Sources */,
			);
			runOnlyForDeploymentPostprocessing = 0;
		};
		861BDFB02D624FBC00020620 /* Sources */ = {
			isa = PBXSourcesBuildPhase;
			buildActionMask = 2147483647;
			files = (
				861BE0712D63F39500020620 /* DataServiceTests.swift in Sources */,
				861BE0752D63F3D700020620 /* PaperClipTests.swift in Sources */,
				861BE0732D63F3BF00020620 /* HomeViewModelTests.swift in Sources */,
				861BE1BB2D64187500020620 /* DetailsViewModelTests.swift in Sources */,
				861BE1E72D65579C00020620 /* RemoteDataServiceTests.swift in Sources */,
			);
			runOnlyForDeploymentPostprocessing = 0;
		};
		861BDFBA2D624FBC00020620 /* Sources */ = {
			isa = PBXSourcesBuildPhase;
			buildActionMask = 2147483647;
			files = (
				861BE06B2D63965F00020620 /* PaperClipUITests.swift in Sources */,
				861BE06C2D63965F00020620 /* PaperClipUITestsLaunchTests.swift in Sources */,
			);
			runOnlyForDeploymentPostprocessing = 0;
		};
/* End PBXSourcesBuildPhase section */

/* Begin PBXTargetDependency section */
		861BDFB62D624FBC00020620 /* PBXTargetDependency */ = {
			isa = PBXTargetDependency;
			target = 861BDFA32D624FBA00020620 /* PaperClip */;
			targetProxy = 861BDFB52D624FBC00020620 /* PBXContainerItemProxy */;
		};
		861BDFC02D624FBC00020620 /* PBXTargetDependency */ = {
			isa = PBXTargetDependency;
			target = 861BDFA32D624FBA00020620 /* PaperClip */;
			targetProxy = 861BDFBF2D624FBC00020620 /* PBXContainerItemProxy */;
		};
/* End PBXTargetDependency section */

/* Begin XCBuildConfiguration section */
		861BDFC62D624FBD00020620 /* Debug */ = {
			isa = XCBuildConfiguration;
			buildSettings = {
				ALWAYS_SEARCH_USER_PATHS = NO;
				ASSETCATALOG_COMPILER_GENERATE_SWIFT_ASSET_SYMBOL_EXTENSIONS = YES;
				CLANG_ANALYZER_NONNULL = YES;
				CLANG_ANALYZER_NUMBER_OBJECT_CONVERSION = YES_AGGRESSIVE;
				CLANG_CXX_LANGUAGE_STANDARD = "gnu++20";
				CLANG_ENABLE_MODULES = YES;
				CLANG_ENABLE_OBJC_ARC = YES;
				CLANG_ENABLE_OBJC_WEAK = YES;
				CLANG_WARN_BLOCK_CAPTURE_AUTORELEASING = YES;
				CLANG_WARN_BOOL_CONVERSION = YES;
				CLANG_WARN_COMMA = YES;
				CLANG_WARN_CONSTANT_CONVERSION = YES;
				CLANG_WARN_DEPRECATED_OBJC_IMPLEMENTATIONS = YES;
				CLANG_WARN_DIRECT_OBJC_ISA_USAGE = YES_ERROR;
				CLANG_WARN_DOCUMENTATION_COMMENTS = YES;
				CLANG_WARN_EMPTY_BODY = YES;
				CLANG_WARN_ENUM_CONVERSION = YES;
				CLANG_WARN_INFINITE_RECURSION = YES;
				CLANG_WARN_INT_CONVERSION = YES;
				CLANG_WARN_NON_LITERAL_NULL_CONVERSION = YES;
				CLANG_WARN_OBJC_IMPLICIT_RETAIN_SELF = YES;
				CLANG_WARN_OBJC_LITERAL_CONVERSION = YES;
				CLANG_WARN_OBJC_ROOT_CLASS = YES_ERROR;
				CLANG_WARN_QUOTED_INCLUDE_IN_FRAMEWORK_HEADER = YES;
				CLANG_WARN_RANGE_LOOP_ANALYSIS = YES;
				CLANG_WARN_STRICT_PROTOTYPES = YES;
				CLANG_WARN_SUSPICIOUS_MOVE = YES;
				CLANG_WARN_UNGUARDED_AVAILABILITY = YES_AGGRESSIVE;
				CLANG_WARN_UNREACHABLE_CODE = YES;
				CLANG_WARN__DUPLICATE_METHOD_MATCH = YES;
				COPY_PHASE_STRIP = NO;
				DEBUG_INFORMATION_FORMAT = dwarf;
				ENABLE_STRICT_OBJC_MSGSEND = YES;
				ENABLE_TESTABILITY = YES;
				ENABLE_USER_SCRIPT_SANDBOXING = YES;
				GCC_C_LANGUAGE_STANDARD = gnu17;
				GCC_DYNAMIC_NO_PIC = NO;
				GCC_NO_COMMON_BLOCKS = YES;
				GCC_OPTIMIZATION_LEVEL = 0;
				GCC_PREPROCESSOR_DEFINITIONS = (
					"DEBUG=1",
					"$(inherited)",
				);
				GCC_WARN_64_TO_32_BIT_CONVERSION = YES;
				GCC_WARN_ABOUT_RETURN_TYPE = YES_ERROR;
				GCC_WARN_UNDECLARED_SELECTOR = YES;
				GCC_WARN_UNINITIALIZED_AUTOS = YES_AGGRESSIVE;
				GCC_WARN_UNUSED_FUNCTION = YES;
				GCC_WARN_UNUSED_VARIABLE = YES;
				IPHONEOS_DEPLOYMENT_TARGET = 18.2;
				LOCALIZATION_PREFERS_STRING_CATALOGS = YES;
				MTL_ENABLE_DEBUG_INFO = INCLUDE_SOURCE;
				MTL_FAST_MATH = YES;
				ONLY_ACTIVE_ARCH = YES;
				SDKROOT = iphoneos;
				SWIFT_ACTIVE_COMPILATION_CONDITIONS = "DEBUG $(inherited)";
				SWIFT_OPTIMIZATION_LEVEL = "-Onone";
			};
			name = Debug;
		};
		861BDFC72D624FBD00020620 /* Release */ = {
			isa = XCBuildConfiguration;
			buildSettings = {
				ALWAYS_SEARCH_USER_PATHS = NO;
				ASSETCATALOG_COMPILER_GENERATE_SWIFT_ASSET_SYMBOL_EXTENSIONS = YES;
				CLANG_ANALYZER_NONNULL = YES;
				CLANG_ANALYZER_NUMBER_OBJECT_CONVERSION = YES_AGGRESSIVE;
				CLANG_CXX_LANGUAGE_STANDARD = "gnu++20";
				CLANG_ENABLE_MODULES = YES;
				CLANG_ENABLE_OBJC_ARC = YES;
				CLANG_ENABLE_OBJC_WEAK = YES;
				CLANG_WARN_BLOCK_CAPTURE_AUTORELEASING = YES;
				CLANG_WARN_BOOL_CONVERSION = YES;
				CLANG_WARN_COMMA = YES;
				CLANG_WARN_CONSTANT_CONVERSION = YES;
				CLANG_WARN_DEPRECATED_OBJC_IMPLEMENTATIONS = YES;
				CLANG_WARN_DIRECT_OBJC_ISA_USAGE = YES_ERROR;
				CLANG_WARN_DOCUMENTATION_COMMENTS = YES;
				CLANG_WARN_EMPTY_BODY = YES;
				CLANG_WARN_ENUM_CONVERSION = YES;
				CLANG_WARN_INFINITE_RECURSION = YES;
				CLANG_WARN_INT_CONVERSION = YES;
				CLANG_WARN_NON_LITERAL_NULL_CONVERSION = YES;
				CLANG_WARN_OBJC_IMPLICIT_RETAIN_SELF = YES;
				CLANG_WARN_OBJC_LITERAL_CONVERSION = YES;
				CLANG_WARN_OBJC_ROOT_CLASS = YES_ERROR;
				CLANG_WARN_QUOTED_INCLUDE_IN_FRAMEWORK_HEADER = YES;
				CLANG_WARN_RANGE_LOOP_ANALYSIS = YES;
				CLANG_WARN_STRICT_PROTOTYPES = YES;
				CLANG_WARN_SUSPICIOUS_MOVE = YES;
				CLANG_WARN_UNGUARDED_AVAILABILITY = YES_AGGRESSIVE;
				CLANG_WARN_UNREACHABLE_CODE = YES;
				CLANG_WARN__DUPLICATE_METHOD_MATCH = YES;
				COPY_PHASE_STRIP = NO;
				DEBUG_INFORMATION_FORMAT = "dwarf-with-dsym";
				ENABLE_NS_ASSERTIONS = NO;
				ENABLE_STRICT_OBJC_MSGSEND = YES;
				ENABLE_USER_SCRIPT_SANDBOXING = YES;
				GCC_C_LANGUAGE_STANDARD = gnu17;
				GCC_NO_COMMON_BLOCKS = YES;
				GCC_WARN_64_TO_32_BIT_CONVERSION = YES;
				GCC_WARN_ABOUT_RETURN_TYPE = YES_ERROR;
				GCC_WARN_UNDECLARED_SELECTOR = YES;
				GCC_WARN_UNINITIALIZED_AUTOS = YES_AGGRESSIVE;
				GCC_WARN_UNUSED_FUNCTION = YES;
				GCC_WARN_UNUSED_VARIABLE = YES;
				IPHONEOS_DEPLOYMENT_TARGET = 18.2;
				LOCALIZATION_PREFERS_STRING_CATALOGS = YES;
				MTL_ENABLE_DEBUG_INFO = NO;
				MTL_FAST_MATH = YES;
				SDKROOT = iphoneos;
				SWIFT_COMPILATION_MODE = wholemodule;
				VALIDATE_PRODUCT = YES;
			};
			name = Release;
		};
		861BDFC92D624FBD00020620 /* Debug */ = {
			isa = XCBuildConfiguration;
			buildSettings = {
				ASSETCATALOG_COMPILER_APPICON_NAME = AppIcon;
				ASSETCATALOG_COMPILER_GLOBAL_ACCENT_COLOR_NAME = AccentColor;
				CODE_SIGN_STYLE = Automatic;
				CURRENT_PROJECT_VERSION = 1;
				DEVELOPMENT_ASSET_PATHS = "\"PaperClip/Preview Content\"";
				ENABLE_PREVIEWS = YES;
				GENERATE_INFOPLIST_FILE = YES;
				INFOPLIST_KEY_UIApplicationSceneManifest_Generation = YES;
				INFOPLIST_KEY_UIApplicationSupportsIndirectInputEvents = YES;
				INFOPLIST_KEY_UILaunchScreen_Generation = YES;
				INFOPLIST_KEY_UISupportedInterfaceOrientations_iPad = "UIInterfaceOrientationPortrait UIInterfaceOrientationPortraitUpsideDown UIInterfaceOrientationLandscapeLeft UIInterfaceOrientationLandscapeRight";
				INFOPLIST_KEY_UISupportedInterfaceOrientations_iPhone = "UIInterfaceOrientationPortrait UIInterfaceOrientationLandscapeLeft UIInterfaceOrientationLandscapeRight";
				INFOPLIST_KEY_UIUserInterfaceStyle = Dark;
				IPHONEOS_DEPLOYMENT_TARGET = 16;
				LD_RUNPATH_SEARCH_PATHS = (
					"$(inherited)",
					"@executable_path/Frameworks",
				);
				MARKETING_VERSION = 1.0;
				PRODUCT_BUNDLE_IDENTIFIER = tiago.antunes.PaperClip;
				PRODUCT_NAME = "$(TARGET_NAME)";
				SWIFT_EMIT_LOC_STRINGS = YES;
				SWIFT_VERSION = 5.0;
				TARGETED_DEVICE_FAMILY = "1,2";
			};
			name = Debug;
		};
		861BDFCA2D624FBD00020620 /* Release */ = {
			isa = XCBuildConfiguration;
			buildSettings = {
				ASSETCATALOG_COMPILER_APPICON_NAME = AppIcon;
				ASSETCATALOG_COMPILER_GLOBAL_ACCENT_COLOR_NAME = AccentColor;
				CODE_SIGN_STYLE = Automatic;
				CURRENT_PROJECT_VERSION = 1;
				DEVELOPMENT_ASSET_PATHS = "\"PaperClip/Preview Content\"";
				ENABLE_PREVIEWS = YES;
				GENERATE_INFOPLIST_FILE = YES;
				INFOPLIST_KEY_UIApplicationSceneManifest_Generation = YES;
				INFOPLIST_KEY_UIApplicationSupportsIndirectInputEvents = YES;
				INFOPLIST_KEY_UILaunchScreen_Generation = YES;
				INFOPLIST_KEY_UISupportedInterfaceOrientations_iPad = "UIInterfaceOrientationPortrait UIInterfaceOrientationPortraitUpsideDown UIInterfaceOrientationLandscapeLeft UIInterfaceOrientationLandscapeRight";
				INFOPLIST_KEY_UISupportedInterfaceOrientations_iPhone = "UIInterfaceOrientationPortrait UIInterfaceOrientationLandscapeLeft UIInterfaceOrientationLandscapeRight";
				INFOPLIST_KEY_UIUserInterfaceStyle = Dark;
				IPHONEOS_DEPLOYMENT_TARGET = 16;
				LD_RUNPATH_SEARCH_PATHS = (
					"$(inherited)",
					"@executable_path/Frameworks",
				);
				MARKETING_VERSION = 1.0;
				PRODUCT_BUNDLE_IDENTIFIER = tiago.antunes.PaperClip;
				PRODUCT_NAME = "$(TARGET_NAME)";
				SWIFT_EMIT_LOC_STRINGS = YES;
				SWIFT_VERSION = 5.0;
				TARGETED_DEVICE_FAMILY = "1,2";
			};
			name = Release;
		};
		861BDFCC2D624FBD00020620 /* Debug */ = {
			isa = XCBuildConfiguration;
			buildSettings = {
				BUNDLE_LOADER = "$(TEST_HOST)";
				CLANG_ENABLE_MODULES = YES;
				CODE_SIGN_STYLE = Automatic;
				CURRENT_PROJECT_VERSION = 1;
				GENERATE_INFOPLIST_FILE = YES;
				IPHONEOS_DEPLOYMENT_TARGET = 16;
				MARKETING_VERSION = 1.0;
				PRODUCT_BUNDLE_IDENTIFIER = tiago.antunes.PaperClipTests;
				PRODUCT_NAME = "$(TARGET_NAME)";
				SWIFT_EMIT_LOC_STRINGS = NO;
				SWIFT_OPTIMIZATION_LEVEL = "-Onone";
				SWIFT_VERSION = 5.0;
				TARGETED_DEVICE_FAMILY = "1,2";
				TEST_HOST = "$(BUILT_PRODUCTS_DIR)/PaperClip.app/$(BUNDLE_EXECUTABLE_FOLDER_PATH)/PaperClip";
			};
			name = Debug;
		};
		861BDFCD2D624FBD00020620 /* Release */ = {
			isa = XCBuildConfiguration;
			buildSettings = {
				BUNDLE_LOADER = "$(TEST_HOST)";
				CLANG_ENABLE_MODULES = YES;
				CODE_SIGN_STYLE = Automatic;
				CURRENT_PROJECT_VERSION = 1;
				GENERATE_INFOPLIST_FILE = YES;
				IPHONEOS_DEPLOYMENT_TARGET = 16;
				MARKETING_VERSION = 1.0;
				PRODUCT_BUNDLE_IDENTIFIER = tiago.antunes.PaperClipTests;
				PRODUCT_NAME = "$(TARGET_NAME)";
				SWIFT_EMIT_LOC_STRINGS = NO;
				SWIFT_VERSION = 5.0;
				TARGETED_DEVICE_FAMILY = "1,2";
				TEST_HOST = "$(BUILT_PRODUCTS_DIR)/PaperClip.app/$(BUNDLE_EXECUTABLE_FOLDER_PATH)/PaperClip";
			};
			name = Release;
		};
		861BDFCF2D624FBD00020620 /* Debug */ = {
			isa = XCBuildConfiguration;
			buildSettings = {
				CODE_SIGN_STYLE = Automatic;
				CURRENT_PROJECT_VERSION = 1;
				GENERATE_INFOPLIST_FILE = YES;
				IPHONEOS_DEPLOYMENT_TARGET = 16;
				MARKETING_VERSION = 1.0;
				PRODUCT_BUNDLE_IDENTIFIER = tiago.antunes.PaperClipUITests;
				PRODUCT_NAME = "$(TARGET_NAME)";
				SWIFT_EMIT_LOC_STRINGS = NO;
				SWIFT_VERSION = 5.0;
				TARGETED_DEVICE_FAMILY = "1,2";
				TEST_TARGET_NAME = PaperClip;
			};
			name = Debug;
		};
		861BDFD02D624FBD00020620 /* Release */ = {
			isa = XCBuildConfiguration;
			buildSettings = {
				CODE_SIGN_STYLE = Automatic;
				CURRENT_PROJECT_VERSION = 1;
				GENERATE_INFOPLIST_FILE = YES;
				IPHONEOS_DEPLOYMENT_TARGET = 16;
				MARKETING_VERSION = 1.0;
				PRODUCT_BUNDLE_IDENTIFIER = tiago.antunes.PaperClipUITests;
				PRODUCT_NAME = "$(TARGET_NAME)";
				SWIFT_EMIT_LOC_STRINGS = NO;
				SWIFT_VERSION = 5.0;
				TARGETED_DEVICE_FAMILY = "1,2";
				TEST_TARGET_NAME = PaperClip;
			};
			name = Release;
		};
/* End XCBuildConfiguration section */

/* Begin XCConfigurationList section */
		861BDF9F2D624FBA00020620 /* Build configuration list for PBXProject "PaperClip" */ = {
			isa = XCConfigurationList;
			buildConfigurations = (
				861BDFC62D624FBD00020620 /* Debug */,
				861BDFC72D624FBD00020620 /* Release */,
			);
			defaultConfigurationIsVisible = 0;
			defaultConfigurationName = Release;
		};
		861BDFC82D624FBD00020620 /* Build configuration list for PBXNativeTarget "PaperClip" */ = {
			isa = XCConfigurationList;
			buildConfigurations = (
				861BDFC92D624FBD00020620 /* Debug */,
				861BDFCA2D624FBD00020620 /* Release */,
			);
			defaultConfigurationIsVisible = 0;
			defaultConfigurationName = Release;
		};
		861BDFCB2D624FBD00020620 /* Build configuration list for PBXNativeTarget "PaperClipTests" */ = {
			isa = XCConfigurationList;
			buildConfigurations = (
				861BDFCC2D624FBD00020620 /* Debug */,
				861BDFCD2D624FBD00020620 /* Release */,
			);
			defaultConfigurationIsVisible = 0;
			defaultConfigurationName = Release;
		};
		861BDFCE2D624FBD00020620 /* Build configuration list for PBXNativeTarget "PaperClipUITests" */ = {
			isa = XCConfigurationList;
			buildConfigurations = (
				861BDFCF2D624FBD00020620 /* Debug */,
				861BDFD02D624FBD00020620 /* Release */,
			);
			defaultConfigurationIsVisible = 0;
			defaultConfigurationName = Release;
		};
/* End XCConfigurationList section */
	};
	rootObject = 861BDF9C2D624FBA00020620 /* Project object */;
}
